
Microsoft Visual Studio Solution File, Format Version 12.00
# Visual Studio 14
VisualStudioVersion = 14.0.25420.1
MinimumVisualStudioVersion = 10.0.40219.1
Project("{2150E333-8FDC-42A3-9474-1A3956D46DE8}") = "src", "src", "{0A0235EF-6EB6-42B7-A391-8CF604BA4201}"
EndProject
Project("{2150E333-8FDC-42A3-9474-1A3956D46DE8}") = "Solution Items", "Solution Items", "{87A31712-7C0B-4B27-B74D-AB614B611A71}"
	ProjectSection(SolutionItems) = preProject
		global.json = global.json
	EndProjectSection
EndProject
Project("{8BB2217D-0F2D-49D1-97BC-3654ED321F3B}") = "LinqQueryInjector", "src\LinqQueryInjector\LinqQueryInjector.xproj", "{4DF69A2E-2712-4895-88C7-349860D91CAB}"
EndProject
Project("{8BB2217D-0F2D-49D1-97BC-3654ED321F3B}") = "LinqQueryInjectorTests", "src\LinqQueryInjectorTests\LinqQueryInjectorTests.xproj", "{BC306D36-2FF3-4249-A9E2-9B6CB2AF5129}"
EndProject
Global
	GlobalSection(SolutionConfigurationPlatforms) = preSolution
		Debug|Any CPU = Debug|Any CPU
		Release|Any CPU = Release|Any CPU
	EndGlobalSection
	GlobalSection(ProjectConfigurationPlatforms) = postSolution
		{4DF69A2E-2712-4895-88C7-349860D91CAB}.Debug|Any CPU.ActiveCfg = Debug|Any CPU
		{4DF69A2E-2712-4895-88C7-349860D91CAB}.Debug|Any CPU.Build.0 = Debug|Any CPU
		{4DF69A2E-2712-4895-88C7-349860D91CAB}.Release|Any CPU.ActiveCfg = Release|Any CPU
		{4DF69A2E-2712-4895-88C7-349860D91CAB}.Release|Any CPU.Build.0 = Release|Any CPU
		{BC306D36-2FF3-4249-A9E2-9B6CB2AF5129}.Debug|Any CPU.ActiveCfg = Debug|Any CPU
		{BC306D36-2FF3-4249-A9E2-9B6CB2AF5129}.Debug|Any CPU.Build.0 = Debug|Any CPU
		{BC306D36-2FF3-4249-A9E2-9B6CB2AF5129}.Release|Any CPU.ActiveCfg = Release|Any CPU
		{BC306D36-2FF3-4249-A9E2-9B6CB2AF5129}.Release|Any CPU.Build.0 = Release|Any CPU
	EndGlobalSection
	GlobalSection(SolutionProperties) = preSolution
		HideSolutionNode = FALSE
	EndGlobalSection
	GlobalSection(NestedProjects) = preSolution
		{4DF69A2E-2712-4895-88C7-349860D91CAB} = {0A0235EF-6EB6-42B7-A391-8CF604BA4201}
		{BC306D36-2FF3-4249-A9E2-9B6CB2AF5129} = {0A0235EF-6EB6-42B7-A391-8CF604BA4201}
	EndGlobalSection
EndGlobal
